
Microsoft Visual Studio Solution File, Format Version 12.00
# Visual Studio 15
VisualStudioVersion = 15.0.28307.779
MinimumVisualStudioVersion = 10.0.40219.1
Project("{8BC9CEB8-8B4A-11D0-8D11-00A0C91BC942}") = "DeskopToys", "DeskopToys.vcxproj", "{E1676E63-DD45-4195-AE25-CF5D5C9AEF10}"
EndProject
Global
	GlobalSection(SolutionConfigurationPlatforms) = preSolution
		Debug|x64 = Debug|x64
		Debug|x86 = Debug|x86
		Release|x64 = Release|x64
		Release|x86 = Release|x86
	EndGlobalSection
	GlobalSection(ProjectConfigurationPlatforms) = postSolution
		{E1676E63-DD45-4195-AE25-CF5D5C9AEF10}.Debug|x64.ActiveCfg = Debug|x64
		{E1676E63-DD45-4195-AE25-CF5D5C9AEF10}.Debug|x64.Build.0 = Debug|x64
		{E1676E63-DD45-4195-AE25-CF5D5C9AEF10}.Debug|x86.ActiveCfg = Debug|Win32
		{E1676E63-DD45-4195-AE25-CF5D5C9AEF10}.Debug|x86.Build.0 = Debug|Win32
		{E1676E63-DD45-4195-AE25-CF5D5C9AEF10}.Release|x64.ActiveCfg = Release|x64
		{E1676E63-DD45-4195-AE25-CF5D5C9AEF10}.Release|x64.Build.0 = Release|x64
		{E1676E63-DD45-4195-AE25-CF5D5C9AEF10}.Release|x86.ActiveCfg = Release|Win32
		{E1676E63-DD45-4195-AE25-CF5D5C9AEF10}.Release|x86.Build.0 = Release|Win32
	EndGlobalSection
	GlobalSection(SolutionProperties) = preSolution
		HideSolutionNode = FALSE
	EndGlobalSection
	GlobalSection(ExtensibilityGlobals) = postSolution
		SolutionGuid = {986CBCCC-F3E0-47F6-A226-87BA3C19FF43}
	EndGlobalSection
EndGlobal
